{
  "pins" : [
    {
      "identity" : "wwnetworking",
      "kind" : "remoteSourceControl",
      "location" : "https://github.com/William-Weng/WWNetworking.git",
      "state" : {
        "revision" : "cad6323f8ec5b7fe87ac4c0e820c0529d402e5e1",
        "version" : "1.6.2"
      }
    },
    {
      "identity" : "wwzhconverter",
      "kind" : "remoteSourceControl",
      "location" : "https://github.com/William-Weng/WWZHConverter",
      "state" : {
        "revision" : "9ad64de6d875f9f8801b377ffebd12ec6fbea218",
        "version" : "1.0.0"
      }
    }
  ],
  "version" : 2
}
