{
  "pins" : [
    {
      "identity" : "wwnetworking",
      "kind" : "remoteSourceControl",
      "location" : "https://github.com/William-Weng/WWNetworking.git",
      "state" : {
        "revision" : "cad6323f8ec5b7fe87ac4c0e820c0529d402e5e1",
        "version" : "1.6.2"
      }
    },
    {
      "identity" : "wwzhconverter",
      "kind" : "remoteSourceControl",
      "location" : "https://github.com/William-Weng/WWZHConverter",
      "state" : {
        "revision" : "a44617f310e2c7cc7668d6cf6f889a424ebd48e8",
        "version" : "1.1.4"
      }
    }
  ],
  "version" : 2
}
